
Microsoft Visual Studio Solution File, Format Version 12.00
# Visual Studio Version 16
VisualStudioVersion = 16.0.31205.134
MinimumVisualStudioVersion = 10.0.40219.1
Project("{FAE04EC0-301F-11D3-BF4B-00C04F79EFBC}") = "ClassMethodDemo", "ClassMethodDemo\ClassMethodDemo.csproj", "{3D9F417C-6E08-4281-9904-79F468284D2B}"
EndProject
Global
	GlobalSection(SolutionConfigurationPlatforms) = preSolution
		Debug|Any CPU = Debug|Any CPU
		Release|Any CPU = Release|Any CPU
	EndGlobalSection
	GlobalSection(ProjectConfigurationPlatforms) = postSolution
		{3D9F417C-6E08-4281-9904-79F468284D2B}.Debug|Any CPU.ActiveCfg = Debug|Any CPU
		{3D9F417C-6E08-4281-9904-79F468284D2B}.Debug|Any CPU.Build.0 = Debug|Any CPU
		{3D9F417C-6E08-4281-9904-79F468284D2B}.Release|Any CPU.ActiveCfg = Release|Any CPU
		{3D9F417C-6E08-4281-9904-79F468284D2B}.Release|Any CPU.Build.0 = Release|Any CPU
	EndGlobalSection
	GlobalSection(SolutionProperties) = preSolution
		HideSolutionNode = FALSE
	EndGlobalSection
	GlobalSection(ExtensibilityGlobals) = postSolution
		SolutionGuid = {A04A3A6E-92A5-4F70-A25B-1BB3BA9FCF7D}
	EndGlobalSection
EndGlobal
